
Microsoft Visual Studio Solution File, Format Version 12.00
# Visual Studio 15
Project("{FAE04EC0-301F-11D3-BF4B-00C04F79EFBC}") = "Assembly-CSharp", "Assembly-CSharp.csproj", "{AF253687-FE01-AEB9-7C65-7913AAE1EB6C}"
EndProject
Project("{FAE04EC0-301F-11D3-BF4B-00C04F79EFBC}") = "Assembly-CSharp-Editor", "Assembly-CSharp-Editor.csproj", "{F474BDC2-9733-6C35-30A3-32F5042751AD}"
EndProject
Global
	GlobalSection(SolutionConfigurationPlatforms) = preSolution
		Debug|Any CPU = Debug|Any CPU
		Release|Any CPU = Release|Any CPU
	EndGlobalSection
	GlobalSection(ProjectConfigurationPlatforms) = postSolution
		{AF253687-FE01-AEB9-7C65-7913AAE1EB6C}.Debug|Any CPU.ActiveCfg = Debug|Any CPU
		{AF253687-FE01-AEB9-7C65-7913AAE1EB6C}.Debug|Any CPU.Build.0 = Debug|Any CPU
		{AF253687-FE01-AEB9-7C65-7913AAE1EB6C}.Release|Any CPU.ActiveCfg = Release|Any CPU
		{AF253687-FE01-AEB9-7C65-7913AAE1EB6C}.Release|Any CPU.Build.0 = Release|Any CPU
		{F474BDC2-9733-6C35-30A3-32F5042751AD}.Debug|Any CPU.ActiveCfg = Debug|Any CPU
		{F474BDC2-9733-6C35-30A3-32F5042751AD}.Debug|Any CPU.Build.0 = Debug|Any CPU
		{F474BDC2-9733-6C35-30A3-32F5042751AD}.Release|Any CPU.ActiveCfg = Release|Any CPU
		{F474BDC2-9733-6C35-30A3-32F5042751AD}.Release|Any CPU.Build.0 = Release|Any CPU
	EndGlobalSection
	GlobalSection(SolutionProperties) = preSolution
		HideSolutionNode = FALSE
	EndGlobalSection
EndGlobal
